
Microsoft Visual Studio Solution File, Format Version 12.00
# Visual Studio Version 17
VisualStudioVersion = 17.9.34728.123
MinimumVisualStudioVersion = 10.0.40219.1
Project("{FAE04EC0-301F-11D3-BF4B-00C04F79EFBC}") = "prac_socket", "prac_socket\prac_socket.csproj", "{CDFFC62E-61FC-46D4-8B37-832280F3A831}"
EndProject
Project("{FAE04EC0-301F-11D3-BF4B-00C04F79EFBC}") = "client", "client\client.csproj", "{9E8B8E92-4B2F-42B1-965D-3F3489E34335}"
EndProject
Global
	GlobalSection(SolutionConfigurationPlatforms) = preSolution
		Debug|Any CPU = Debug|Any CPU
		Release|Any CPU = Release|Any CPU
	EndGlobalSection
	GlobalSection(ProjectConfigurationPlatforms) = postSolution
		{CDFFC62E-61FC-46D4-8B37-832280F3A831}.Debug|Any CPU.ActiveCfg = Debug|Any CPU
		{CDFFC62E-61FC-46D4-8B37-832280F3A831}.Debug|Any CPU.Build.0 = Debug|Any CPU
		{CDFFC62E-61FC-46D4-8B37-832280F3A831}.Release|Any CPU.ActiveCfg = Release|Any CPU
		{CDFFC62E-61FC-46D4-8B37-832280F3A831}.Release|Any CPU.Build.0 = Release|Any CPU
		{9E8B8E92-4B2F-42B1-965D-3F3489E34335}.Debug|Any CPU.ActiveCfg = Debug|Any CPU
		{9E8B8E92-4B2F-42B1-965D-3F3489E34335}.Debug|Any CPU.Build.0 = Debug|Any CPU
		{9E8B8E92-4B2F-42B1-965D-3F3489E34335}.Release|Any CPU.ActiveCfg = Release|Any CPU
		{9E8B8E92-4B2F-42B1-965D-3F3489E34335}.Release|Any CPU.Build.0 = Release|Any CPU
	EndGlobalSection
	GlobalSection(SolutionProperties) = preSolution
		HideSolutionNode = FALSE
	EndGlobalSection
	GlobalSection(ExtensibilityGlobals) = postSolution
		SolutionGuid = {7DB2346C-2CD2-42A2-A3FF-D1779D32A464}
	EndGlobalSection
EndGlobal
